{
  "originHash" : "8bafe0989a2180c4546d775627d45e0b97f7682ae78521cf7a730737062104d3",
  "pins" : [
    {
      "identity" : "itunesgenreid",
      "kind" : "remoteSourceControl",
      "location" : "https://github.com/NCrusher74/iTunesGenreID",
      "state" : {
        "revision" : "343f34128669a5694e2745c36920570ea860b3fe",
        "version" : "1.0.4"
      }
    },
    {
      "identity" : "swiftconvenienceextensions",
      "kind" : "remoteSourceControl",
      "location" : "https://github.com/NCrusher74/SwiftConvenienceExtensions",
      "state" : {
        "revision" : "786cf2493e067b2ac154a3c7da5d967ca1ff89f3",
        "version" : "2.0.9"
      }
    },
    {
      "identity" : "swiftlanguageandlocalecodes",
      "kind" : "remoteSourceControl",
      "location" : "https://github.com/NCrusher74/SwiftLanguageAndLocaleCodes",
      "state" : {
        "revision" : "6f3a3fa43e96db0c2e9aecf8a4891e9ba4964b9b",
        "version" : "2.0.0"
      }
    },
    {
      "identity" : "swifttagger",
      "kind" : "remoteSourceControl",
      "location" : "https://github.com/NCrusher74/SwiftTagger.git",
      "state" : {
        "revision" : "72dfeacfffb2128cee1faf4c184a3f9ab065c32b",
        "version" : "1.7.0"
      }
    },
    {
      "identity" : "swifttaggerid3",
      "kind" : "remoteSourceControl",
      "location" : "https://github.com/NCrusher74/SwiftTaggerID3",
      "state" : {
        "revision" : "87db0c7a1948454f6b9b44d8ac518878b8346c57",
        "version" : "1.8.1"
      }
    },
    {
      "identity" : "swifttaggermp4",
      "kind" : "remoteSourceControl",
      "location" : "https://github.com/NCrusher74/SwiftTaggerMP4",
      "state" : {
        "revision" : "8f3fb71937d842bc5b1245d2aca202a48ac5f0f9",
        "version" : "1.7.6"
      }
    },
    {
      "identity" : "swiftui-sliders",
      "kind" : "remoteSourceControl",
      "location" : "https://github.com/spacenation/swiftui-sliders.git",
      "state" : {
        "revision" : "d5a7d856655d5c91f891c2b69d982c30fd5c7bdf",
        "version" : "2.1.0"
      }
    },
    {
      "identity" : "updatenotification",
      "kind" : "remoteSourceControl",
      "location" : "https://github.com/melgu/UpdateNotification.git",
      "state" : {
        "branch" : "main",
        "revision" : "6d62a0ff10c27891bc20a4d898ce7ec8da6bf2ab"
      }
    }
  ],
  "version" : 3
}
