{
  "originHash" : "8bafe0989a2180c4546d775627d45e0b97f7682ae78521cf7a730737062104d3",
  "pins" : [
    {
      "identity" : "swiftui-sliders",
      "kind" : "remoteSourceControl",
      "location" : "https://github.com/spacenation/swiftui-sliders.git",
      "state" : {
        "revision" : "d5a7d856655d5c91f891c2b69d982c30fd5c7bdf",
        "version" : "2.1.0"
      }
    },
    {
      "identity" : "updatenotification",
      "kind" : "remoteSourceControl",
      "location" : "https://github.com/melgu/UpdateNotification.git",
      "state" : {
        "branch" : "main",
        "revision" : "6d62a0ff10c27891bc20a4d898ce7ec8da6bf2ab"
      }
    }
  ],
  "version" : 3
}
