{
  "object": {
    "pins": [
      {
        "package": "ImageIOSwift",
        "repositoryURL": "git@github.com:davbeck/ImageIOSwift.git",
        "state": {
          "branch": null,
          "revision": "ed2a801c9bfb11a6771f59408c3b59fcba0e064f",
          "version": "1.0.2"
        }
      },
      {
        "package": "Grid",
        "repositoryURL": "git@github.com:spacenation/swiftui-grid.git",
        "state": {
          "branch": null,
          "revision": "6548e522d0f0bff124c2e2b17720faccf9f35c58",
          "version": "0.9.5"
        }
      },
      {
        "package": "Sliders",
        "repositoryURL": "git@github.com:spacenation/swiftui-sliders.git",
        "state": {
          "branch": null,
          "revision": "c603297cc00da1b2cc797d3af47a3676d8b05ab4",
          "version": "0.1.0"
        }
      }
    ]
  },
  "version": 1
}
