{
  "originHash" : "dd551ac4b91ef2d556bfbf03866abaf524c4f9becf714f13384d12ee9de26452",
  "pins" : [
    {
      "identity" : "itunesgenreid",
      "kind" : "remoteSourceControl",
      "location" : "https://github.com/NCrusher74/iTunesGenreID",
      "state" : {
        "revision" : "343f34128669a5694e2745c36920570ea860b3fe",
        "version" : "1.0.4"
      }
    },
    {
      "identity" : "swiftconvenienceextensions",
      "kind" : "remoteSourceControl",
      "location" : "https://github.com/NCrusher74/SwiftConvenienceExtensions",
      "state" : {
        "revision" : "786cf2493e067b2ac154a3c7da5d967ca1ff89f3",
        "version" : "2.0.9"
      }
    },
    {
      "identity" : "swiftlanguageandlocalecodes",
      "kind" : "remoteSourceControl",
      "location" : "https://github.com/NCrusher74/SwiftLanguageAndLocaleCodes",
      "state" : {
        "revision" : "6f3a3fa43e96db0c2e9aecf8a4891e9ba4964b9b",
        "version" : "2.0.0"
      }
    },
    {
      "identity" : "swifttagger",
      "kind" : "remoteSourceControl",
      "location" : "git@github.com:NCrusher74/SwiftTagger.git",
      "state" : {
        "revision" : "72dfeacfffb2128cee1faf4c184a3f9ab065c32b",
        "version" : "1.7.0"
      }
    },
    {
      "identity" : "swifttaggerid3",
      "kind" : "remoteSourceControl",
      "location" : "https://github.com/NCrusher74/SwiftTaggerID3",
      "state" : {
        "revision" : "87db0c7a1948454f6b9b44d8ac518878b8346c57",
        "version" : "1.8.1"
      }
    },
    {
      "identity" : "swifttaggermp4",
      "kind" : "remoteSourceControl",
      "location" : "https://github.com/NCrusher74/SwiftTaggerMP4",
      "state" : {
        "revision" : "8f3fb71937d842bc5b1245d2aca202a48ac5f0f9",
        "version" : "1.7.6"
      }
    }
  ],
  "version" : 3
}
